
Microsoft Visual Studio Solution File, Format Version 12.00
# Visual Studio Version 16
VisualStudioVersion = 16.0.30717.126
MinimumVisualStudioVersion = 10.0.40219.1
Project("{9A19103F-16F7-4668-BE54-9A1E7A4F7556}") = "locacao.core", "locacao.core\locacao.core.csproj", "{26EB9A2C-111A-441F-842B-58873AB76828}"
EndProject
Project("{9A19103F-16F7-4668-BE54-9A1E7A4F7556}") = "locacao.core.unittest", "XUnitTestProject1\locacao.core.unittest.csproj", "{52E35F58-2058-48BA-88F2-9C5C46BAC494}"
EndProject
Project("{9A19103F-16F7-4668-BE54-9A1E7A4F7556}") = "Ag3.Util", "Ag3.Util\Ag3.Util.csproj", "{01BD4AC2-3EDA-425E-A30B-757DB29C635C}"
EndProject
Project("{2150E333-8FDC-42A3-9474-1A3956D46DE8}") = "__libs", "__libs", "{63356058-E7A1-420C-894C-631366095F21}"
EndProject
Project("{9A19103F-16F7-4668-BE54-9A1E7A4F7556}") = "locacao.clientebd", "locacao.clientebd\locacao.clientebd.csproj", "{8D06118E-9270-4886-9B9F-9AE2400B809A}"
EndProject
Project("{2150E333-8FDC-42A3-9474-1A3956D46DE8}") = "modulo.auth", "modulo.auth", "{E2519B60-6EE9-4C29-8D9D-20CBB8C56D47}"
EndProject
Project("{FAE04EC0-301F-11D3-BF4B-00C04F79EFBC}") = "locacao.salas.webapi", "locacao.salas.webapi\locacao.salas.webapi.csproj", "{4C83F555-19EE-426C-8516-3A982243CBF6}"
EndProject
Project("{2150E333-8FDC-42A3-9474-1A3956D46DE8}") = "modulo.base", "modulo.base", "{4C7FA9C9-CF98-4BC8-A2C6-A45F32D32CF8}"
EndProject
Project("{FAE04EC0-301F-11D3-BF4B-00C04F79EFBC}") = "locacao.auth.core", "locacao.auth.core\locacao.auth.core.csproj", "{23D91BDE-8F93-46DD-ABD4-54DA08D22B3E}"
EndProject
Project("{2150E333-8FDC-42A3-9474-1A3956D46DE8}") = "web.api", "web.api", "{17EFE2BF-C875-4FCB-B900-6FD87BE9D8C6}"
EndProject
Project("{FAE04EC0-301F-11D3-BF4B-00C04F79EFBC}") = "locacao.auth.clientebd", "locacao.auth.clientebd\locacao.auth.clientebd.csproj", "{0E3090A2-423D-4EC1-ABF9-29E0DB7253E7}"
EndProject
Global
	GlobalSection(SolutionConfigurationPlatforms) = preSolution
		Debug|Any CPU = Debug|Any CPU
		Release|Any CPU = Release|Any CPU
	EndGlobalSection
	GlobalSection(ProjectConfigurationPlatforms) = postSolution
		{26EB9A2C-111A-441F-842B-58873AB76828}.Debug|Any CPU.ActiveCfg = Debug|Any CPU
		{26EB9A2C-111A-441F-842B-58873AB76828}.Debug|Any CPU.Build.0 = Debug|Any CPU
		{26EB9A2C-111A-441F-842B-58873AB76828}.Release|Any CPU.ActiveCfg = Release|Any CPU
		{26EB9A2C-111A-441F-842B-58873AB76828}.Release|Any CPU.Build.0 = Release|Any CPU
		{52E35F58-2058-48BA-88F2-9C5C46BAC494}.Debug|Any CPU.ActiveCfg = Debug|Any CPU
		{52E35F58-2058-48BA-88F2-9C5C46BAC494}.Debug|Any CPU.Build.0 = Debug|Any CPU
		{52E35F58-2058-48BA-88F2-9C5C46BAC494}.Release|Any CPU.ActiveCfg = Release|Any CPU
		{52E35F58-2058-48BA-88F2-9C5C46BAC494}.Release|Any CPU.Build.0 = Release|Any CPU
		{01BD4AC2-3EDA-425E-A30B-757DB29C635C}.Debug|Any CPU.ActiveCfg = Debug|Any CPU
		{01BD4AC2-3EDA-425E-A30B-757DB29C635C}.Debug|Any CPU.Build.0 = Debug|Any CPU
		{01BD4AC2-3EDA-425E-A30B-757DB29C635C}.Release|Any CPU.ActiveCfg = Release|Any CPU
		{01BD4AC2-3EDA-425E-A30B-757DB29C635C}.Release|Any CPU.Build.0 = Release|Any CPU
		{8D06118E-9270-4886-9B9F-9AE2400B809A}.Debug|Any CPU.ActiveCfg = Debug|Any CPU
		{8D06118E-9270-4886-9B9F-9AE2400B809A}.Debug|Any CPU.Build.0 = Debug|Any CPU
		{8D06118E-9270-4886-9B9F-9AE2400B809A}.Release|Any CPU.ActiveCfg = Release|Any CPU
		{8D06118E-9270-4886-9B9F-9AE2400B809A}.Release|Any CPU.Build.0 = Release|Any CPU
		{4C83F555-19EE-426C-8516-3A982243CBF6}.Debug|Any CPU.ActiveCfg = Debug|Any CPU
		{4C83F555-19EE-426C-8516-3A982243CBF6}.Debug|Any CPU.Build.0 = Debug|Any CPU
		{4C83F555-19EE-426C-8516-3A982243CBF6}.Release|Any CPU.ActiveCfg = Release|Any CPU
		{4C83F555-19EE-426C-8516-3A982243CBF6}.Release|Any CPU.Build.0 = Release|Any CPU
		{23D91BDE-8F93-46DD-ABD4-54DA08D22B3E}.Debug|Any CPU.ActiveCfg = Debug|Any CPU
		{23D91BDE-8F93-46DD-ABD4-54DA08D22B3E}.Debug|Any CPU.Build.0 = Debug|Any CPU
		{23D91BDE-8F93-46DD-ABD4-54DA08D22B3E}.Release|Any CPU.ActiveCfg = Release|Any CPU
		{23D91BDE-8F93-46DD-ABD4-54DA08D22B3E}.Release|Any CPU.Build.0 = Release|Any CPU
		{0E3090A2-423D-4EC1-ABF9-29E0DB7253E7}.Debug|Any CPU.ActiveCfg = Debug|Any CPU
		{0E3090A2-423D-4EC1-ABF9-29E0DB7253E7}.Debug|Any CPU.Build.0 = Debug|Any CPU
		{0E3090A2-423D-4EC1-ABF9-29E0DB7253E7}.Release|Any CPU.ActiveCfg = Release|Any CPU
		{0E3090A2-423D-4EC1-ABF9-29E0DB7253E7}.Release|Any CPU.Build.0 = Release|Any CPU
	EndGlobalSection
	GlobalSection(SolutionProperties) = preSolution
		HideSolutionNode = FALSE
	EndGlobalSection
	GlobalSection(NestedProjects) = preSolution
		{26EB9A2C-111A-441F-842B-58873AB76828} = {4C7FA9C9-CF98-4BC8-A2C6-A45F32D32CF8}
		{52E35F58-2058-48BA-88F2-9C5C46BAC494} = {4C7FA9C9-CF98-4BC8-A2C6-A45F32D32CF8}
		{01BD4AC2-3EDA-425E-A30B-757DB29C635C} = {63356058-E7A1-420C-894C-631366095F21}
		{8D06118E-9270-4886-9B9F-9AE2400B809A} = {4C7FA9C9-CF98-4BC8-A2C6-A45F32D32CF8}
		{4C83F555-19EE-426C-8516-3A982243CBF6} = {17EFE2BF-C875-4FCB-B900-6FD87BE9D8C6}
		{23D91BDE-8F93-46DD-ABD4-54DA08D22B3E} = {E2519B60-6EE9-4C29-8D9D-20CBB8C56D47}
		{0E3090A2-423D-4EC1-ABF9-29E0DB7253E7} = {E2519B60-6EE9-4C29-8D9D-20CBB8C56D47}
	EndGlobalSection
	GlobalSection(ExtensibilityGlobals) = postSolution
		SolutionGuid = {6FFA5895-EE0A-485F-A9CB-1293ABF727B6}
	EndGlobalSection
EndGlobal
